
Microsoft Visual Studio Solution File, Format Version 12.00
# Visual Studio Version 17
VisualStudioVersion = 17.0.32126.317
MinimumVisualStudioVersion = 10.0.40219.1
Project("{8BC9CEB8-8B4A-11D0-8D11-00A0C91BC942}") = "educational_practice", "educational_practice.vcxproj", "{73ED3DAC-95EC-4F5D-B526-81EA6C311618}"
EndProject
Global
	GlobalSection(SolutionConfigurationPlatforms) = preSolution
		Debug|x64 = Debug|x64
		Debug|x86 = Debug|x86
		Release|x64 = Release|x64
		Release|x86 = Release|x86
	EndGlobalSection
	GlobalSection(ProjectConfigurationPlatforms) = postSolution
		{73ED3DAC-95EC-4F5D-B526-81EA6C311618}.Debug|x64.ActiveCfg = Debug|x64
		{73ED3DAC-95EC-4F5D-B526-81EA6C311618}.Debug|x64.Build.0 = Debug|x64
		{73ED3DAC-95EC-4F5D-B526-81EA6C311618}.Debug|x86.ActiveCfg = Debug|Win32
		{73ED3DAC-95EC-4F5D-B526-81EA6C311618}.Debug|x86.Build.0 = Debug|Win32
		{73ED3DAC-95EC-4F5D-B526-81EA6C311618}.Release|x64.ActiveCfg = Release|x64
		{73ED3DAC-95EC-4F5D-B526-81EA6C311618}.Release|x64.Build.0 = Release|x64
		{73ED3DAC-95EC-4F5D-B526-81EA6C311618}.Release|x86.ActiveCfg = Release|Win32
		{73ED3DAC-95EC-4F5D-B526-81EA6C311618}.Release|x86.Build.0 = Release|Win32
	EndGlobalSection
	GlobalSection(SolutionProperties) = preSolution
		HideSolutionNode = FALSE
	EndGlobalSection
	GlobalSection(ExtensibilityGlobals) = postSolution
		SolutionGuid = {B4434D76-22AE-426A-A85B-32B8367E9D44}
	EndGlobalSection
EndGlobal
